// !$*UTF8*$!
{
	archiveVersion = 1;
	classes = {
	};
	objectVersion = 56;
	objects = {

/* Begin PBXBuildFile section */
		24B0C2CE2C03CEDC00439B6E /* AdoptAPawApp.swift in Sources */ = {isa = PBXBuildFile; fileRef = 24B0C2CD2C03CEDC00439B6E /* AdoptAPawApp.swift */; };
		24B0C2D42C03CEDD00439B6E /* Assets.xcassets in Resources */ = {isa = PBXBuildFile; fileRef = 24B0C2D32C03CEDD00439B6E /* Assets.xcassets */; };
		24B0C2D72C03CEDD00439B6E /* Preview Assets.xcassets in Resources */ = {isa = PBXBuildFile; fileRef = 24B0C2D62C03CEDD00439B6E /* Preview Assets.xcassets */; };
		24B1CC7A2C03D085007E59BC /* Coordinator.swift in Sources */ = {isa = PBXBuildFile; fileRef = 24B1CC782C03D085007E59BC /* Coordinator.swift */; };
		24B1CC7B2C03D085007E59BC /* AppDelegate.swift in Sources */ = {isa = PBXBuildFile; fileRef = 24B1CC792C03D085007E59BC /* AppDelegate.swift */; };
		24B1CC802C03D09B007E59BC /* EditPetView.swift in Sources */ = {isa = PBXBuildFile; fileRef = 24B1CC7C2C03D09B007E59BC /* EditPetView.swift */; };
		24B1CC812C03D09B007E59BC /* ContentView.swift in Sources */ = {isa = PBXBuildFile; fileRef = 24B1CC7D2C03D09B007E59BC /* ContentView.swift */; };
		24B1CC822C03D09B007E59BC /* RealityView.swift in Sources */ = {isa = PBXBuildFile; fileRef = 24B1CC7E2C03D09B007E59BC /* RealityView.swift */; };
		24B1CC832C03D09B007E59BC /* PetCardView.swift in Sources */ = {isa = PBXBuildFile; fileRef = 24B1CC7F2C03D09B007E59BC /* PetCardView.swift */; };
		24B1CC872C03D0AF007E59BC /* Pet.swift in Sources */ = {isa = PBXBuildFile; fileRef = 24B1CC862C03D0AF007E59BC /* Pet.swift */; };
		24B1CC902C03D428007E59BC /* Brush Rabbit.reality in Resources */ = {isa = PBXBuildFile; fileRef = 24B1CC8A2C03D427007E59BC /* Brush Rabbit.reality */; };
		24B1CC912C03D428007E59BC /* Bombay Cat.reality in Resources */ = {isa = PBXBuildFile; fileRef = 24B1CC8B2C03D428007E59BC /* Bombay Cat.reality */; };
		24B1CC922C03D428007E59BC /* Red Fox.reality in Resources */ = {isa = PBXBuildFile; fileRef = 24B1CC8C2C03D428007E59BC /* Red Fox.reality */; };
		24B1CC932C03D428007E59BC /* Bulldog.reality in Resources */ = {isa = PBXBuildFile; fileRef = 24B1CC8D2C03D428007E59BC /* Bulldog.reality */; };
		24B1CC942C03D428007E59BC /* Dobermann.reality in Resources */ = {isa = PBXBuildFile; fileRef = 24B1CC8E2C03D428007E59BC /* Dobermann.reality */; };
		24B1CC952C03D428007E59BC /* Shiba Inu.reality in Resources */ = {isa = PBXBuildFile; fileRef = 24B1CC8F2C03D428007E59BC /* Shiba Inu.reality */; };
		24B1CC972C03D4FB007E59BC /* PetViewModel.swift in Sources */ = {isa = PBXBuildFile; fileRef = 24B1CC962C03D4FB007E59BC /* PetViewModel.swift */; };
/* End PBXBuildFile section */

/* Begin PBXFileReference section */
		24B0C2CA2C03CEDC00439B6E /* AdoptAPaw.app */ = {isa = PBXFileReference; explicitFileType = wrapper.application; includeInIndex = 0; path = AdoptAPaw.app; sourceTree = BUILT_PRODUCTS_DIR; };
		24B0C2CD2C03CEDC00439B6E /* AdoptAPawApp.swift */ = {isa = PBXFileReference; lastKnownFileType = sourcecode.swift; path = AdoptAPawApp.swift; sourceTree = "<group>"; };
		24B0C2D32C03CEDD00439B6E /* Assets.xcassets */ = {isa = PBXFileReference; lastKnownFileType = folder.assetcatalog; path = Assets.xcassets; sourceTree = "<group>"; };
		24B0C2D62C03CEDD00439B6E /* Preview Assets.xcassets */ = {isa = PBXFileReference; lastKnownFileType = folder.assetcatalog; path = "Preview Assets.xcassets"; sourceTree = "<group>"; };
		24B1CC782C03D085007E59BC /* Coordinator.swift */ = {isa = PBXFileReference; fileEncoding = 4; lastKnownFileType = sourcecode.swift; path = Coordinator.swift; sourceTree = "<group>"; };
		24B1CC792C03D085007E59BC /* AppDelegate.swift */ = {isa = PBXFileReference; fileEncoding = 4; lastKnownFileType = sourcecode.swift; path = AppDelegate.swift; sourceTree = "<group>"; };
		24B1CC7C2C03D09B007E59BC /* EditPetView.swift */ = {isa = PBXFileReference; fileEncoding = 4; lastKnownFileType = sourcecode.swift; path = EditPetView.swift; sourceTree = "<group>"; };
		24B1CC7D2C03D09B007E59BC /* ContentView.swift */ = {isa = PBXFileReference; fileEncoding = 4; lastKnownFileType = sourcecode.swift; path = ContentView.swift; sourceTree = "<group>"; };
		24B1CC7E2C03D09B007E59BC /* RealityView.swift */ = {isa = PBXFileReference; fileEncoding = 4; lastKnownFileType = sourcecode.swift; path = RealityView.swift; sourceTree = "<group>"; };
		24B1CC7F2C03D09B007E59BC /* PetCardView.swift */ = {isa = PBXFileReference; fileEncoding = 4; lastKnownFileType = sourcecode.swift; path = PetCardView.swift; sourceTree = "<group>"; };
		24B1CC862C03D0AF007E59BC /* Pet.swift */ = {isa = PBXFileReference; fileEncoding = 4; lastKnownFileType = sourcecode.swift; path = Pet.swift; sourceTree = "<group>"; };
		24B1CC8A2C03D427007E59BC /* Brush Rabbit.reality */ = {isa = PBXFileReference; lastKnownFileType = file; path = "Brush Rabbit.reality"; sourceTree = "<group>"; };
		24B1CC8B2C03D428007E59BC /* Bombay Cat.reality */ = {isa = PBXFileReference; lastKnownFileType = file; path = "Bombay Cat.reality"; sourceTree = "<group>"; };
		24B1CC8C2C03D428007E59BC /* Red Fox.reality */ = {isa = PBXFileReference; lastKnownFileType = file; path = "Red Fox.reality"; sourceTree = "<group>"; };
		24B1CC8D2C03D428007E59BC /* Bulldog.reality */ = {isa = PBXFileReference; lastKnownFileType = file; path = Bulldog.reality; sourceTree = "<group>"; };
		24B1CC8E2C03D428007E59BC /* Dobermann.reality */ = {isa = PBXFileReference; lastKnownFileType = file; path = Dobermann.reality; sourceTree = "<group>"; };
		24B1CC8F2C03D428007E59BC /* Shiba Inu.reality */ = {isa = PBXFileReference; lastKnownFileType = file; path = "Shiba Inu.reality"; sourceTree = "<group>"; };
		24B1CC962C03D4FB007E59BC /* PetViewModel.swift */ = {isa = PBXFileReference; lastKnownFileType = sourcecode.swift; path = PetViewModel.swift; sourceTree = "<group>"; };
		24B1CC982C03D8E2007E59BC /* Info.plist */ = {isa = PBXFileReference; lastKnownFileType = text.plist; path = Info.plist; sourceTree = "<group>"; };
/* End PBXFileReference section */

/* Begin PBXFrameworksBuildPhase section */
		24B0C2C72C03CEDC00439B6E /* Frameworks */ = {
			isa = PBXFrameworksBuildPhase;
			buildActionMask = 2147483647;
			files = (
			);
			runOnlyForDeploymentPostprocessing = 0;
		};
/* End PBXFrameworksBuildPhase section */

/* Begin PBXGroup section */
		24A088732C0481C800418865 /* ViewModel */ = {
			isa = PBXGroup;
			children = (
				24B1CC962C03D4FB007E59BC /* PetViewModel.swift */,
			);
			path = ViewModel;
			sourceTree = "<group>";
		};
		24A088742C0481DE00418865 /* View */ = {
			isa = PBXGroup;
			children = (
				24B1CC7D2C03D09B007E59BC /* ContentView.swift */,
				24B1CC7C2C03D09B007E59BC /* EditPetView.swift */,
				24B1CC7F2C03D09B007E59BC /* PetCardView.swift */,
				24B1CC7E2C03D09B007E59BC /* RealityView.swift */,
			);
			path = View;
			sourceTree = "<group>";
		};
		24A088752C0481F200418865 /* Model */ = {
			isa = PBXGroup;
			children = (
				24B1CC862C03D0AF007E59BC /* Pet.swift */,
			);
			path = Model;
			sourceTree = "<group>";
		};
		24A088762C0481FD00418865 /* Helper */ = {
			isa = PBXGroup;
			children = (
				24B1CC792C03D085007E59BC /* AppDelegate.swift */,
				24B1CC782C03D085007E59BC /* Coordinator.swift */,
			);
			path = Helper;
			sourceTree = "<group>";
		};
		24A088772C04821100418865 /* Reality Assets */ = {
			isa = PBXGroup;
			children = (
				24B1CC8B2C03D428007E59BC /* Bombay Cat.reality */,
				24B1CC8A2C03D427007E59BC /* Brush Rabbit.reality */,
				24B1CC8D2C03D428007E59BC /* Bulldog.reality */,
				24B1CC8E2C03D428007E59BC /* Dobermann.reality */,
				24B1CC8C2C03D428007E59BC /* Red Fox.reality */,
				24B1CC8F2C03D428007E59BC /* Shiba Inu.reality */,
			);
			path = "Reality Assets";
			sourceTree = "<group>";
		};
		24B0C2C12C03CEDC00439B6E = {
			isa = PBXGroup;
			children = (
				24B0C2CC2C03CEDC00439B6E /* AdoptAPaw */,
				24B0C2CB2C03CEDC00439B6E /* Products */,
			);
			sourceTree = "<group>";
		};
		24B0C2CB2C03CEDC00439B6E /* Products */ = {
			isa = PBXGroup;
			children = (
				24B0C2CA2C03CEDC00439B6E /* AdoptAPaw.app */,
			);
			name = Products;
			sourceTree = "<group>";
		};
		24B0C2CC2C03CEDC00439B6E /* AdoptAPaw */ = {
			isa = PBXGroup;
			children = (
				24A088772C04821100418865 /* Reality Assets */,
				24A088762C0481FD00418865 /* Helper */,
				24A088752C0481F200418865 /* Model */,
				24A088742C0481DE00418865 /* View */,
				24A088732C0481C800418865 /* ViewModel */,
				24B1CC982C03D8E2007E59BC /* Info.plist */,
				24B0C2CD2C03CEDC00439B6E /* AdoptAPawApp.swift */,
				24B0C2D32C03CEDD00439B6E /* Assets.xcassets */,
				24B0C2D52C03CEDD00439B6E /* Preview Content */,
			);
			path = AdoptAPaw;
			sourceTree = "<group>";
		};
		24B0C2D52C03CEDD00439B6E /* Preview Content */ = {
			isa = PBXGroup;
			children = (
				24B0C2D62C03CEDD00439B6E /* Preview Assets.xcassets */,
			);
			path = "Preview Content";
			sourceTree = "<group>";
		};
/* End PBXGroup section */

/* Begin PBXNativeTarget section */
		24B0C2C92C03CEDC00439B6E /* AdoptAPaw */ = {
			isa = PBXNativeTarget;
			buildConfigurationList = 24B0C2DA2C03CEDD00439B6E /* Build configuration list for PBXNativeTarget "AdoptAPaw" */;
			buildPhases = (
				24B0C2C62C03CEDC00439B6E /* Sources */,
				24B0C2C72C03CEDC00439B6E /* Frameworks */,
				24B0C2C82C03CEDC00439B6E /* Resources */,
			);
			buildRules = (
			);
			dependencies = (
			);
			name = AdoptAPaw;
			productName = AdoptAPaw;
			productReference = 24B0C2CA2C03CEDC00439B6E /* AdoptAPaw.app */;
			productType = "com.apple.product-type.application";
		};
/* End PBXNativeTarget section */

/* Begin PBXProject section */
		24B0C2C22C03CEDC00439B6E /* Project object */ = {
			isa = PBXProject;
			attributes = {
				BuildIndependentTargetsInParallel = 1;
				LastSwiftUpdateCheck = 1530;
				LastUpgradeCheck = 1530;
				TargetAttributes = {
					24B0C2C92C03CEDC00439B6E = {
						CreatedOnToolsVersion = 15.3;
					};
				};
			};
			buildConfigurationList = 24B0C2C52C03CEDC00439B6E /* Build configuration list for PBXProject "AdoptAPaw" */;
			compatibilityVersion = "Xcode 14.0";
			developmentRegion = en;
			hasScannedForEncodings = 0;
			knownRegions = (
				en,
				Base,
			);
			mainGroup = 24B0C2C12C03CEDC00439B6E;
			productRefGroup = 24B0C2CB2C03CEDC00439B6E /* Products */;
			projectDirPath = "";
			projectRoot = "";
			targets = (
				24B0C2C92C03CEDC00439B6E /* AdoptAPaw */,
			);
		};
/* End PBXProject section */

/* Begin PBXResourcesBuildPhase section */
		24B0C2C82C03CEDC00439B6E /* Resources */ = {
			isa = PBXResourcesBuildPhase;
			buildActionMask = 2147483647;
			files = (
				24B1CC912C03D428007E59BC /* Bombay Cat.reality in Resources */,
				24B0C2D72C03CEDD00439B6E /* Preview Assets.xcassets in Resources */,
				24B1CC932C03D428007E59BC /* Bulldog.reality in Resources */,
				24B1CC922C03D428007E59BC /* Red Fox.reality in Resources */,
				24B1CC952C03D428007E59BC /* Shiba Inu.reality in Resources */,
				24B1CC902C03D428007E59BC /* Brush Rabbit.reality in Resources */,
				24B0C2D42C03CEDD00439B6E /* Assets.xcassets in Resources */,
				24B1CC942C03D428007E59BC /* Dobermann.reality in Resources */,
			);
			runOnlyForDeploymentPostprocessing = 0;
		};
/* End PBXResourcesBuildPhase section */

/* Begin PBXSourcesBuildPhase section */
		24B0C2C62C03CEDC00439B6E /* Sources */ = {
			isa = PBXSourcesBuildPhase;
			buildActionMask = 2147483647;
			files = (
				24B1CC972C03D4FB007E59BC /* PetViewModel.swift in Sources */,
				24B1CC7B2C03D085007E59BC /* AppDelegate.swift in Sources */,
				24B1CC822C03D09B007E59BC /* RealityView.swift in Sources */,
				24B1CC872C03D0AF007E59BC /* Pet.swift in Sources */,
				24B1CC812C03D09B007E59BC /* ContentView.swift in Sources */,
				24B1CC7A2C03D085007E59BC /* Coordinator.swift in Sources */,
				24B1CC802C03D09B007E59BC /* EditPetView.swift in Sources */,
				24B1CC832C03D09B007E59BC /* PetCardView.swift in Sources */,
				24B0C2CE2C03CEDC00439B6E /* AdoptAPawApp.swift in Sources */,
			);
			runOnlyForDeploymentPostprocessing = 0;
		};
/* End PBXSourcesBuildPhase section */

/* Begin XCBuildConfiguration section */
		24B0C2D82C03CEDD00439B6E /* Debug */ = {
			isa = XCBuildConfiguration;
			buildSettings = {
				ALWAYS_SEARCH_USER_PATHS = NO;
				ASSETCATALOG_COMPILER_GENERATE_SWIFT_ASSET_SYMBOL_EXTENSIONS = YES;
				CLANG_ANALYZER_NONNULL = YES;
				CLANG_ANALYZER_NUMBER_OBJECT_CONVERSION = YES_AGGRESSIVE;
				CLANG_CXX_LANGUAGE_STANDARD = "gnu++20";
				CLANG_ENABLE_MODULES = YES;
				CLANG_ENABLE_OBJC_ARC = YES;
				CLANG_ENABLE_OBJC_WEAK = YES;
				CLANG_WARN_BLOCK_CAPTURE_AUTORELEASING = YES;
				CLANG_WARN_BOOL_CONVERSION = YES;
				CLANG_WARN_COMMA = YES;
				CLANG_WARN_CONSTANT_CONVERSION = YES;
				CLANG_WARN_DEPRECATED_OBJC_IMPLEMENTATIONS = YES;
				CLANG_WARN_DIRECT_OBJC_ISA_USAGE = YES_ERROR;
				CLANG_WARN_DOCUMENTATION_COMMENTS = YES;
				CLANG_WARN_EMPTY_BODY = YES;
				CLANG_WARN_ENUM_CONVERSION = YES;
				CLANG_WARN_INFINITE_RECURSION = YES;
				CLANG_WARN_INT_CONVERSION = YES;
				CLANG_WARN_NON_LITERAL_NULL_CONVERSION = YES;
				CLANG_WARN_OBJC_IMPLICIT_RETAIN_SELF = YES;
				CLANG_WARN_OBJC_LITERAL_CONVERSION = YES;
				CLANG_WARN_OBJC_ROOT_CLASS = YES_ERROR;
				CLANG_WARN_QUOTED_INCLUDE_IN_FRAMEWORK_HEADER = YES;
				CLANG_WARN_RANGE_LOOP_ANALYSIS = YES;
				CLANG_WARN_STRICT_PROTOTYPES = YES;
				CLANG_WARN_SUSPICIOUS_MOVE = YES;
				CLANG_WARN_UNGUARDED_AVAILABILITY = YES_AGGRESSIVE;
				CLANG_WARN_UNREACHABLE_CODE = YES;
				CLANG_WARN__DUPLICATE_METHOD_MATCH = YES;
				COPY_PHASE_STRIP = NO;
				DEBUG_INFORMATION_FORMAT = dwarf;
				ENABLE_STRICT_OBJC_MSGSEND = YES;
				ENABLE_TESTABILITY = YES;
				ENABLE_USER_SCRIPT_SANDBOXING = YES;
				GCC_C_LANGUAGE_STANDARD = gnu17;
				GCC_DYNAMIC_NO_PIC = NO;
				GCC_NO_COMMON_BLOCKS = YES;
				GCC_OPTIMIZATION_LEVEL = 0;
				GCC_PREPROCESSOR_DEFINITIONS = (
					"DEBUG=1",
					"$(inherited)",
				);
				GCC_WARN_64_TO_32_BIT_CONVERSION = YES;
				GCC_WARN_ABOUT_RETURN_TYPE = YES_ERROR;
				GCC_WARN_UNDECLARED_SELECTOR = YES;
				GCC_WARN_UNINITIALIZED_AUTOS = YES_AGGRESSIVE;
				GCC_WARN_UNUSED_FUNCTION = YES;
				GCC_WARN_UNUSED_VARIABLE = YES;
				IPHONEOS_DEPLOYMENT_TARGET = 17.4;
				LOCALIZATION_PREFERS_STRING_CATALOGS = YES;
				MTL_ENABLE_DEBUG_INFO = INCLUDE_SOURCE;
				MTL_FAST_MATH = YES;
				ONLY_ACTIVE_ARCH = YES;
				SDKROOT = iphoneos;
				SWIFT_ACTIVE_COMPILATION_CONDITIONS = "DEBUG $(inherited)";
				SWIFT_OPTIMIZATION_LEVEL = "-Onone";
			};
			name = Debug;
		};
		24B0C2D92C03CEDD00439B6E /* Release */ = {
			isa = XCBuildConfiguration;
			buildSettings = {
				ALWAYS_SEARCH_USER_PATHS = NO;
				ASSETCATALOG_COMPILER_GENERATE_SWIFT_ASSET_SYMBOL_EXTENSIONS = YES;
				CLANG_ANALYZER_NONNULL = YES;
				CLANG_ANALYZER_NUMBER_OBJECT_CONVERSION = YES_AGGRESSIVE;
				CLANG_CXX_LANGUAGE_STANDARD = "gnu++20";
				CLANG_ENABLE_MODULES = YES;
				CLANG_ENABLE_OBJC_ARC = YES;
				CLANG_ENABLE_OBJC_WEAK = YES;
				CLANG_WARN_BLOCK_CAPTURE_AUTORELEASING = YES;
				CLANG_WARN_BOOL_CONVERSION = YES;
				CLANG_WARN_COMMA = YES;
				CLANG_WARN_CONSTANT_CONVERSION = YES;
				CLANG_WARN_DEPRECATED_OBJC_IMPLEMENTATIONS = YES;
				CLANG_WARN_DIRECT_OBJC_ISA_USAGE = YES_ERROR;
				CLANG_WARN_DOCUMENTATION_COMMENTS = YES;
				CLANG_WARN_EMPTY_BODY = YES;
				CLANG_WARN_ENUM_CONVERSION = YES;
				CLANG_WARN_INFINITE_RECURSION = YES;
				CLANG_WARN_INT_CONVERSION = YES;
				CLANG_WARN_NON_LITERAL_NULL_CONVERSION = YES;
				CLANG_WARN_OBJC_IMPLICIT_RETAIN_SELF = YES;
				CLANG_WARN_OBJC_LITERAL_CONVERSION = YES;
				CLANG_WARN_OBJC_ROOT_CLASS = YES_ERROR;
				CLANG_WARN_QUOTED_INCLUDE_IN_FRAMEWORK_HEADER = YES;
				CLANG_WARN_RANGE_LOOP_ANALYSIS = YES;
				CLANG_WARN_STRICT_PROTOTYPES = YES;
				CLANG_WARN_SUSPICIOUS_MOVE = YES;
				CLANG_WARN_UNGUARDED_AVAILABILITY = YES_AGGRESSIVE;
				CLANG_WARN_UNREACHABLE_CODE = YES;
				CLANG_WARN__DUPLICATE_METHOD_MATCH = YES;
				COPY_PHASE_STRIP = NO;
				DEBUG_INFORMATION_FORMAT = "dwarf-with-dsym";
				ENABLE_NS_ASSERTIONS = NO;
				ENABLE_STRICT_OBJC_MSGSEND = YES;
				ENABLE_USER_SCRIPT_SANDBOXING = YES;
				GCC_C_LANGUAGE_STANDARD = gnu17;
				GCC_NO_COMMON_BLOCKS = YES;
				GCC_WARN_64_TO_32_BIT_CONVERSION = YES;
				GCC_WARN_ABOUT_RETURN_TYPE = YES_ERROR;
				GCC_WARN_UNDECLARED_SELECTOR = YES;
				GCC_WARN_UNINITIALIZED_AUTOS = YES_AGGRESSIVE;
				GCC_WARN_UNUSED_FUNCTION = YES;
				GCC_WARN_UNUSED_VARIABLE = YES;
				IPHONEOS_DEPLOYMENT_TARGET = 17.4;
				LOCALIZATION_PREFERS_STRING_CATALOGS = YES;
				MTL_ENABLE_DEBUG_INFO = NO;
				MTL_FAST_MATH = YES;
				SDKROOT = iphoneos;
				SWIFT_COMPILATION_MODE = wholemodule;
				VALIDATE_PRODUCT = YES;
			};
			name = Release;
		};
		24B0C2DB2C03CEDD00439B6E /* Debug */ = {
			isa = XCBuildConfiguration;
			buildSettings = {
				ASSETCATALOG_COMPILER_APPICON_NAME = AppIcon;
				ASSETCATALOG_COMPILER_GLOBAL_ACCENT_COLOR_NAME = AccentColor;
				CODE_SIGN_STYLE = Automatic;
				CURRENT_PROJECT_VERSION = 1;
				DEVELOPMENT_ASSET_PATHS = "\"AdoptAPaw/Preview Content\"";
				DEVELOPMENT_TEAM = KVM8YR8J8U;
				ENABLE_PREVIEWS = YES;
				GENERATE_INFOPLIST_FILE = YES;
				INFOPLIST_FILE = AdoptAPaw/Info.plist;
				INFOPLIST_KEY_UIApplicationSceneManifest_Generation = YES;
				INFOPLIST_KEY_UIApplicationSupportsIndirectInputEvents = YES;
				INFOPLIST_KEY_UILaunchScreen_Generation = YES;
				INFOPLIST_KEY_UISupportedInterfaceOrientations_iPad = "UIInterfaceOrientationPortrait UIInterfaceOrientationPortraitUpsideDown UIInterfaceOrientationLandscapeLeft UIInterfaceOrientationLandscapeRight";
				INFOPLIST_KEY_UISupportedInterfaceOrientations_iPhone = "UIInterfaceOrientationPortrait UIInterfaceOrientationLandscapeLeft UIInterfaceOrientationLandscapeRight";
				LD_RUNPATH_SEARCH_PATHS = (
					"$(inherited)",
					"@executable_path/Frameworks",
				);
				MARKETING_VERSION = 1.0;
				PRODUCT_BUNDLE_IDENTIFIER = iosda.AdoptAPaw;
				PRODUCT_NAME = "$(TARGET_NAME)";
				SWIFT_EMIT_LOC_STRINGS = YES;
				SWIFT_VERSION = 5.0;
				TARGETED_DEVICE_FAMILY = "1,2";
			};
			name = Debug;
		};
		24B0C2DC2C03CEDD00439B6E /* Release */ = {
			isa = XCBuildConfiguration;
			buildSettings = {
				ASSETCATALOG_COMPILER_APPICON_NAME = AppIcon;
				ASSETCATALOG_COMPILER_GLOBAL_ACCENT_COLOR_NAME = AccentColor;
				CODE_SIGN_STYLE = Automatic;
				CURRENT_PROJECT_VERSION = 1;
				DEVELOPMENT_ASSET_PATHS = "\"AdoptAPaw/Preview Content\"";
				DEVELOPMENT_TEAM = KVM8YR8J8U;
				ENABLE_PREVIEWS = YES;
				GENERATE_INFOPLIST_FILE = YES;
				INFOPLIST_FILE = AdoptAPaw/Info.plist;
				INFOPLIST_KEY_UIApplicationSceneManifest_Generation = YES;
				INFOPLIST_KEY_UIApplicationSupportsIndirectInputEvents = YES;
				INFOPLIST_KEY_UILaunchScreen_Generation = YES;
				INFOPLIST_KEY_UISupportedInterfaceOrientations_iPad = "UIInterfaceOrientationPortrait UIInterfaceOrientationPortraitUpsideDown UIInterfaceOrientationLandscapeLeft UIInterfaceOrientationLandscapeRight";
				INFOPLIST_KEY_UISupportedInterfaceOrientations_iPhone = "UIInterfaceOrientationPortrait UIInterfaceOrientationLandscapeLeft UIInterfaceOrientationLandscapeRight";
				LD_RUNPATH_SEARCH_PATHS = (
					"$(inherited)",
					"@executable_path/Frameworks",
				);
				MARKETING_VERSION = 1.0;
				PRODUCT_BUNDLE_IDENTIFIER = iosda.AdoptAPaw;
				PRODUCT_NAME = "$(TARGET_NAME)";
				SWIFT_EMIT_LOC_STRINGS = YES;
				SWIFT_VERSION = 5.0;
				TARGETED_DEVICE_FAMILY = "1,2";
			};
			name = Release;
		};
/* End XCBuildConfiguration section */

/* Begin XCConfigurationList section */
		24B0C2C52C03CEDC00439B6E /* Build configuration list for PBXProject "AdoptAPaw" */ = {
			isa = XCConfigurationList;
			buildConfigurations = (
				24B0C2D82C03CEDD00439B6E /* Debug */,
				24B0C2D92C03CEDD00439B6E /* Release */,
			);
			defaultConfigurationIsVisible = 0;
			defaultConfigurationName = Release;
		};
		24B0C2DA2C03CEDD00439B6E /* Build configuration list for PBXNativeTarget "AdoptAPaw" */ = {
			isa = XCConfigurationList;
			buildConfigurations = (
				24B0C2DB2C03CEDD00439B6E /* Debug */,
				24B0C2DC2C03CEDD00439B6E /* Release */,
			);
			defaultConfigurationIsVisible = 0;
			defaultConfigurationName = Release;
		};
/* End XCConfigurationList section */
	};
	rootObject = 24B0C2C22C03CEDC00439B6E /* Project object */;
}
